<?xml version="1.0" encoding="utf-8"?>
<Project ToolsVersion="4.0" xmlns="http://schemas.microsoft.com/developer/msbuild/2003">
  <ItemGroup>
    <Filter Include="Source Files">
      <UniqueIdentifier>{4FC737F1-C7A5-4376-A066-2A32D752A2FF}</UniqueIdentifier>
      <Extensions>cpp;c;cc;cxx;c++;cppm;ixx;def;odl;idl;hpj;bat;asm;asmx</Extensions>
    </Filter>
    <Filter Include="Header Files">
      <UniqueIdentifier>{93995380-89BD-4b04-88EB-625FBE52EBFB}</UniqueIdentifier>
      <Extensions>h;hh;hpp;hxx;h++;hm;inl;inc;ipp;xsd</Extensions>
    </Filter>
    <Filter Include="Resource Files">
      <UniqueIdentifier>{67DA6AB6-F800-4c08-8B7A-83BB121AAD01}</UniqueIdentifier>
      <Extensions>rc;ico;cur;bmp;dlg;rc2;rct;bin;rgs;gif;jpg;jpeg;jpe;resx;tiff;tif;png;wav;mfcribbon-ms</Extensions>
    </Filter>
  </ItemGroup>
  <ItemGroup>
    <None Include="packages.config" />
    <None Include="README.md">
      <Filter>Resource Files</Filter>
    </None>
    <None Include="Makefile" />
  </ItemGroup>
  <ItemGroup>
    <Font Include="fonts\AovelSansRounded-rdDL.ttf" />
    <Font Include="fonts\game_over.ttf" />
    <Font Include="fonts\Ice Mirror in Winter Kei.ttf" />
    <Font Include="fonts\Retronoid.ttf" />
    <Font Include="fonts\ShortBaby-Mg2w.ttf" />
    <Font Include="fonts\THE-GLITCH.ttf" />
    <Font Include="fonts\budmo jiggler.otf" />
    <Font Include="fonts\whitrabt.ttf" />
    <Font Include="fonts\Starborn.ttf" />
  </ItemGroup>
  <ItemGroup>
    <ClCompile Include="rules.c">
      <Filter>Resource Files</Filter>
    </ClCompile>
    <ClCompile Include="buttons_al.c">
      <Filter>Resource Files</Filter>
    </ClCompile>
    <ClCompile Include="game_al.c">
      <Filter>Resource Files</Filter>
    </ClCompile>
    <ClCompile Include="game_sel_al.c">
      <Filter>Resource Files</Filter>
    </ClCompile>
    <ClCompile Include="element_al.c">
      <Filter>Resource Files</Filter>
    </ClCompile>
    <ClCompile Include="menu_al.c">
      <Filter>Resource Files</Filter>
    </ClCompile>
    <ClCompile Include="game.c">
      <Filter>Source Files</Filter>
    </ClCompile>
    <ClCompile Include="highscore.c">
      <Filter>Source Files</Filter>
    </ClCompile>
    <ClCompile Include="highscore_al.c">
      <Filter>Source Files</Filter>
    </ClCompile>
    <ClCompile Include="main_al.c">
      <Filter>Source Files</Filter>
    </ClCompile>
  </ItemGroup>
  <ItemGroup>
    <ClInclude Include="pieces.h">
      <Filter>Header Files</Filter>
    </ClInclude>
    <ClInclude Include="rules.h">
      <Filter>Header Files</Filter>
    </ClInclude>
    <ClInclude Include="buttons_al.h">
      <Filter>Header Files</Filter>
    </ClInclude>
    <ClInclude Include="game_al.h">
      <Filter>Header Files</Filter>
    </ClInclude>
    <ClInclude Include="game_sel_al.h">
      <Filter>Header Files</Filter>
    </ClInclude>
    <ClInclude Include="element_al.h">
      <Filter>Header Files</Filter>
    </ClInclude>
    <ClInclude Include="menu_al.h">
      <Filter>Header Files</Filter>
    </ClInclude>
    <ClInclude Include="game.h">
      <Filter>Header Files</Filter>
    </ClInclude>
    <ClInclude Include="game_state.h">
      <Filter>Header Files</Filter>
    </ClInclude>
    <ClInclude Include="highscore.h">
      <Filter>Header Files</Filter>
    </ClInclude>
    <ClInclude Include="highscore_al.h">
      <Filter>Header Files</Filter>
    </ClInclude>
    <ClInclude Include="joydrv.h">
      <Filter>Header Files</Filter>
    </ClInclude>
  </ItemGroup>
  <ItemGroup>
    <Media Include="audio\game_over.wav">
      <Filter>Resource Files</Filter>
    </Media>
    <Media Include="audio\cursor.wav">
      <Filter>Resource Files</Filter>
    </Media>
    <Media Include="audio\Dance-of-the-Sugar-Plum-Fairy.wav">
      <Filter>Resource Files</Filter>
    </Media>
    <Media Include="audio\game.wav">
      <Filter>Resource Files</Filter>
    </Media>
    <Media Include="audio\me_game_gameover.wav">
      <Filter>Resource Files</Filter>
    </Media>
    <Media Include="audio\menu.wav">
      <Filter>Resource Files</Filter>
    </Media>
    <Media Include="audio\play.wav">
      <Filter>Resource Files</Filter>
    </Media>
    <Media Include="audio\rotate.wav">
      <Filter>Resource Files</Filter>
    </Media>
    <Media Include="audio\se_game_landing.wav">
      <Filter>Resource Files</Filter>
    </Media>
    <Media Include="audio\se_game_move.wav">
      <Filter>Resource Files</Filter>
    </Media>
    <Media Include="audio\se_game_pause.wav">
      <Filter>Resource Files</Filter>
    </Media>
    <Media Include="audio\select.wav">
      <Filter>Resource Files</Filter>
    </Media>
    <Media Include="audio\tetris.wav">
      <Filter>Resource Files</Filter>
    </Media>
    <Media Include="audio\highscore.wav">
      <Filter>Resource Files</Filter>
    </Media>
    <Media Include="audio\se_game_perfect.wav">
      <Filter>Resource Files</Filter>
    </Media>
    <Media Include="audio\controls.wav">
      <Filter>Resource Files</Filter>
    </Media>
  </ItemGroup>
  <ItemGroup>
    <Text Include="highscore.txt" />
  </ItemGroup>
  <ItemGroup>
    <Image Include="pictures\controls.bmp">
      <Filter>Resource Files</Filter>
    </Image>
  </ItemGroup>
</Project>